
Microsoft Visual Studio Solution File, Format Version 12.00
Project("{2150E333-8FDC-42A3-9474-1A3956D46DE8}") = "Server", "Server", "{BA60752D-7E33-4AF8-9932-79B50EF079BD}"
EndProject
Project("{FAE04EC0-301F-11D3-BF4B-00C04F79EFBC}") = "Entities", "Server\Entities\Entities.csproj", "{F7F8EEDB-EFAC-498E-ABEF-C151F6D91A67}"
EndProject
Project("{FAE04EC0-301F-11D3-BF4B-00C04F79EFBC}") = "RepositoryContracts", "Server\RepositoryContracts\RepositoryContracts.csproj", "{DF04B36F-F561-4598-B1B0-9F7257E7E07C}"
EndProject
Project("{FAE04EC0-301F-11D3-BF4B-00C04F79EFBC}") = "InMemoryRepositories", "Server\InMemoryRepositories\InMemoryRepositories.csproj", "{656D512C-44AA-4BE7-B232-749FA1B998DD}"
EndProject
Project("{FAE04EC0-301F-11D3-BF4B-00C04F79EFBC}") = "CLI", "Server\CLI\CLI.csproj", "{57400059-C988-4650-92F8-AC0EA4BFB89D}"
EndProject
Project("{FAE04EC0-301F-11D3-BF4B-00C04F79EFBC}") = "FileRepositories", "Server\FileRepositories\FileRepositories.csproj", "{DA6DB04E-ABC0-46C8-BCFC-0DA39B2B7C7B}"
EndProject
Project("{2150E333-8FDC-42A3-9474-1A3956D46DE8}") = "Shared", "Shared", "{A8F51EB3-14F1-438D-9A7F-BEEA06FAE0E6}"
EndProject
Project("{FAE04EC0-301F-11D3-BF4B-00C04F79EFBC}") = "ApiContracts", "Shared\ApiContracts\ApiContracts.csproj", "{05F49157-FF9A-4B96-B742-82C6DDBAFC73}"
EndProject
Project("{FAE04EC0-301F-11D3-BF4B-00C04F79EFBC}") = "WebAPI", "Server\WebAPI\WebAPI.csproj", "{13F02469-4785-421D-AE53-4E265617BBE9}"
EndProject
Project("{FAE04EC0-301F-11D3-BF4B-00C04F79EFBC}") = "DTOconverters", "Shared\DTOconverters\DTOconverters.csproj", "{5D3EF825-265F-4F22-98A8-983B98621FAD}"
EndProject
Project("{2150E333-8FDC-42A3-9474-1A3956D46DE8}") = "Client", "Client", "{5933270C-D1B4-4966-B211-179F1B30E048}"
EndProject
Project("{FAE04EC0-301F-11D3-BF4B-00C04F79EFBC}") = "ClientApp", "Client\ClientApp\ClientApp.csproj", "{82961C75-D927-4660-8BFE-F73887B79021}"
EndProject
Global
	GlobalSection(SolutionConfigurationPlatforms) = preSolution
		Debug|Any CPU = Debug|Any CPU
		Release|Any CPU = Release|Any CPU
	EndGlobalSection
	GlobalSection(NestedProjects) = preSolution
		{F7F8EEDB-EFAC-498E-ABEF-C151F6D91A67} = {BA60752D-7E33-4AF8-9932-79B50EF079BD}
		{DF04B36F-F561-4598-B1B0-9F7257E7E07C} = {BA60752D-7E33-4AF8-9932-79B50EF079BD}
		{656D512C-44AA-4BE7-B232-749FA1B998DD} = {BA60752D-7E33-4AF8-9932-79B50EF079BD}
		{57400059-C988-4650-92F8-AC0EA4BFB89D} = {BA60752D-7E33-4AF8-9932-79B50EF079BD}
		{DA6DB04E-ABC0-46C8-BCFC-0DA39B2B7C7B} = {BA60752D-7E33-4AF8-9932-79B50EF079BD}
		{05F49157-FF9A-4B96-B742-82C6DDBAFC73} = {A8F51EB3-14F1-438D-9A7F-BEEA06FAE0E6}
		{13F02469-4785-421D-AE53-4E265617BBE9} = {BA60752D-7E33-4AF8-9932-79B50EF079BD}
		{5D3EF825-265F-4F22-98A8-983B98621FAD} = {A8F51EB3-14F1-438D-9A7F-BEEA06FAE0E6}
		{82961C75-D927-4660-8BFE-F73887B79021} = {5933270C-D1B4-4966-B211-179F1B30E048}
	EndGlobalSection
	GlobalSection(ProjectConfigurationPlatforms) = postSolution
		{F7F8EEDB-EFAC-498E-ABEF-C151F6D91A67}.Debug|Any CPU.ActiveCfg = Debug|Any CPU
		{F7F8EEDB-EFAC-498E-ABEF-C151F6D91A67}.Debug|Any CPU.Build.0 = Debug|Any CPU
		{F7F8EEDB-EFAC-498E-ABEF-C151F6D91A67}.Release|Any CPU.ActiveCfg = Release|Any CPU
		{F7F8EEDB-EFAC-498E-ABEF-C151F6D91A67}.Release|Any CPU.Build.0 = Release|Any CPU
		{DF04B36F-F561-4598-B1B0-9F7257E7E07C}.Debug|Any CPU.ActiveCfg = Debug|Any CPU
		{DF04B36F-F561-4598-B1B0-9F7257E7E07C}.Debug|Any CPU.Build.0 = Debug|Any CPU
		{DF04B36F-F561-4598-B1B0-9F7257E7E07C}.Release|Any CPU.ActiveCfg = Release|Any CPU
		{DF04B36F-F561-4598-B1B0-9F7257E7E07C}.Release|Any CPU.Build.0 = Release|Any CPU
		{656D512C-44AA-4BE7-B232-749FA1B998DD}.Debug|Any CPU.ActiveCfg = Debug|Any CPU
		{656D512C-44AA-4BE7-B232-749FA1B998DD}.Debug|Any CPU.Build.0 = Debug|Any CPU
		{656D512C-44AA-4BE7-B232-749FA1B998DD}.Release|Any CPU.ActiveCfg = Release|Any CPU
		{656D512C-44AA-4BE7-B232-749FA1B998DD}.Release|Any CPU.Build.0 = Release|Any CPU
		{57400059-C988-4650-92F8-AC0EA4BFB89D}.Debug|Any CPU.ActiveCfg = Debug|Any CPU
		{57400059-C988-4650-92F8-AC0EA4BFB89D}.Debug|Any CPU.Build.0 = Debug|Any CPU
		{57400059-C988-4650-92F8-AC0EA4BFB89D}.Release|Any CPU.ActiveCfg = Release|Any CPU
		{57400059-C988-4650-92F8-AC0EA4BFB89D}.Release|Any CPU.Build.0 = Release|Any CPU
		{DA6DB04E-ABC0-46C8-BCFC-0DA39B2B7C7B}.Debug|Any CPU.ActiveCfg = Debug|Any CPU
		{DA6DB04E-ABC0-46C8-BCFC-0DA39B2B7C7B}.Debug|Any CPU.Build.0 = Debug|Any CPU
		{DA6DB04E-ABC0-46C8-BCFC-0DA39B2B7C7B}.Release|Any CPU.ActiveCfg = Release|Any CPU
		{DA6DB04E-ABC0-46C8-BCFC-0DA39B2B7C7B}.Release|Any CPU.Build.0 = Release|Any CPU
		{05F49157-FF9A-4B96-B742-82C6DDBAFC73}.Debug|Any CPU.ActiveCfg = Debug|Any CPU
		{05F49157-FF9A-4B96-B742-82C6DDBAFC73}.Debug|Any CPU.Build.0 = Debug|Any CPU
		{05F49157-FF9A-4B96-B742-82C6DDBAFC73}.Release|Any CPU.ActiveCfg = Release|Any CPU
		{05F49157-FF9A-4B96-B742-82C6DDBAFC73}.Release|Any CPU.Build.0 = Release|Any CPU
		{13F02469-4785-421D-AE53-4E265617BBE9}.Debug|Any CPU.ActiveCfg = Debug|Any CPU
		{13F02469-4785-421D-AE53-4E265617BBE9}.Debug|Any CPU.Build.0 = Debug|Any CPU
		{13F02469-4785-421D-AE53-4E265617BBE9}.Release|Any CPU.ActiveCfg = Release|Any CPU
		{13F02469-4785-421D-AE53-4E265617BBE9}.Release|Any CPU.Build.0 = Release|Any CPU
		{5D3EF825-265F-4F22-98A8-983B98621FAD}.Debug|Any CPU.ActiveCfg = Debug|Any CPU
		{5D3EF825-265F-4F22-98A8-983B98621FAD}.Debug|Any CPU.Build.0 = Debug|Any CPU
		{5D3EF825-265F-4F22-98A8-983B98621FAD}.Release|Any CPU.ActiveCfg = Release|Any CPU
		{5D3EF825-265F-4F22-98A8-983B98621FAD}.Release|Any CPU.Build.0 = Release|Any CPU
		{82961C75-D927-4660-8BFE-F73887B79021}.Debug|Any CPU.ActiveCfg = Debug|Any CPU
		{82961C75-D927-4660-8BFE-F73887B79021}.Debug|Any CPU.Build.0 = Debug|Any CPU
		{82961C75-D927-4660-8BFE-F73887B79021}.Release|Any CPU.ActiveCfg = Release|Any CPU
		{82961C75-D927-4660-8BFE-F73887B79021}.Release|Any CPU.Build.0 = Release|Any CPU
	EndGlobalSection
EndGlobal
